{
  "name": "obs4",
  "version": "1.0.0",
  "lockfileVersion": 1,
  "requires": true,
  "dependencies": {
    "cyprus": {
      "version": "1.0.0",
      "resolved": "https://registry.npmjs.org/cyprus/-/cyprus-1.0.0.tgz",
      "integrity": "sha1-f5MChCjYfjUNA+PUvEBcC4cqFcw=",
      "dev": true,
      "requires": {
        "jopa": "2.0.0"
      }
    },
    "jopa": {
      "version": "2.0.0",
      "resolved": "https://registry.npmjs.org/jopa/-/jopa-2.0.0.tgz",
      "integrity": "sha1-rfnVVZ0JRbzAyz86h9BFY9AkMqw=",
      "dev": true
    }
  }
}
